
Microsoft Visual Studio Solution File, Format Version 12.00
# Visual Studio Version 17
VisualStudioVersion = 17.8.34511.84
MinimumVisualStudioVersion = 10.0.40219.1
Project("{FAE04EC0-301F-11D3-BF4B-00C04F79EFBC}") = "AviatorBusterConsoleApp", "AviatorBusterConsoleApp.csproj", "{4FED848E-86BB-4543-8FCF-951E1E1B7331}"
EndProject
Project("{FAE04EC0-301F-11D3-BF4B-00C04F79EFBC}") = "AviatorBusterUI", "..\AviatorBusterUI\AviatorBusterUI.csproj", "{23C25E32-E867-440B-A203-3056CE714C1F}"
EndProject
Global
	GlobalSection(SolutionConfigurationPlatforms) = preSolution
		Debug|Any CPU = Debug|Any CPU
		Release|Any CPU = Release|Any CPU
	EndGlobalSection
	GlobalSection(ProjectConfigurationPlatforms) = postSolution
		{4FED848E-86BB-4543-8FCF-951E1E1B7331}.Debug|Any CPU.ActiveCfg = Debug|Any CPU
		{4FED848E-86BB-4543-8FCF-951E1E1B7331}.Debug|Any CPU.Build.0 = Debug|Any CPU
		{4FED848E-86BB-4543-8FCF-951E1E1B7331}.Release|Any CPU.ActiveCfg = Release|Any CPU
		{4FED848E-86BB-4543-8FCF-951E1E1B7331}.Release|Any CPU.Build.0 = Release|Any CPU
		{23C25E32-E867-440B-A203-3056CE714C1F}.Debug|Any CPU.ActiveCfg = Debug|Any CPU
		{23C25E32-E867-440B-A203-3056CE714C1F}.Debug|Any CPU.Build.0 = Debug|Any CPU
		{23C25E32-E867-440B-A203-3056CE714C1F}.Release|Any CPU.ActiveCfg = Release|Any CPU
		{23C25E32-E867-440B-A203-3056CE714C1F}.Release|Any CPU.Build.0 = Release|Any CPU
	EndGlobalSection
	GlobalSection(SolutionProperties) = preSolution
		HideSolutionNode = FALSE
	EndGlobalSection
	GlobalSection(ExtensibilityGlobals) = postSolution
		SolutionGuid = {DF209C4E-6E6D-4C86-9D33-EFAF955932C5}
	EndGlobalSection
EndGlobal
